// !$*UTF8*$!
{
	archiveVersion = 1;
	classes = {
	};
	objectVersion = 50;
	objects = {

/* Begin PBXBuildFile section */
		B196BB8E224715B500752231 /* AppDelegate.swift in Sources */ = {isa = PBXBuildFile; fileRef = B196BB8D224715B500752231 /* AppDelegate.swift */; };
		B196BB90224715B500752231 /* ViewController.swift in Sources */ = {isa = PBXBuildFile; fileRef = B196BB8F224715B500752231 /* ViewController.swift */; };
		B196BB95224715B600752231 /* Assets.xcassets in Resources */ = {isa = PBXBuildFile; fileRef = B196BB94224715B600752231 /* Assets.xcassets */; };
		B196BB98224715B600752231 /* LaunchScreen.storyboard in Resources */ = {isa = PBXBuildFile; fileRef = B196BB96224715B600752231 /* LaunchScreen.storyboard */; };
		B196BBA022471AC500752231 /* Song.swift in Sources */ = {isa = PBXBuildFile; fileRef = B196BB9F22471AC500752231 /* Song.swift */; };
		B196BBA22247207E00752231 /* SongTableViewCell.swift in Sources */ = {isa = PBXBuildFile; fileRef = B196BBA12247207E00752231 /* SongTableViewCell.swift */; };
		B196BBA42247D37000752231 /* SongDetailViewController.swift in Sources */ = {isa = PBXBuildFile; fileRef = B196BBA32247D37000752231 /* SongDetailViewController.swift */; };
		B196BBA62248477300752231 /* AddSongViewController.swift in Sources */ = {isa = PBXBuildFile; fileRef = B196BBA52248477300752231 /* AddSongViewController.swift */; };
/* End PBXBuildFile section */

/* Begin PBXFileReference section */
		B196BB8A224715B500752231 /* yw458_p4.app */ = {isa = PBXFileReference; explicitFileType = wrapper.application; includeInIndex = 0; path = yw458_p4.app; sourceTree = BUILT_PRODUCTS_DIR; };
		B196BB8D224715B500752231 /* AppDelegate.swift */ = {isa = PBXFileReference; lastKnownFileType = sourcecode.swift; path = AppDelegate.swift; sourceTree = "<group>"; };
		B196BB8F224715B500752231 /* ViewController.swift */ = {isa = PBXFileReference; lastKnownFileType = sourcecode.swift; path = ViewController.swift; sourceTree = "<group>"; };
		B196BB94224715B600752231 /* Assets.xcassets */ = {isa = PBXFileReference; lastKnownFileType = folder.assetcatalog; path = Assets.xcassets; sourceTree = "<group>"; };
		B196BB97224715B600752231 /* Base */ = {isa = PBXFileReference; lastKnownFileType = file.storyboard; name = Base; path = Base.lproj/LaunchScreen.storyboard; sourceTree = "<group>"; };
		B196BB99224715B600752231 /* Info.plist */ = {isa = PBXFileReference; lastKnownFileType = text.plist.xml; path = Info.plist; sourceTree = "<group>"; };
		B196BB9F22471AC500752231 /* Song.swift */ = {isa = PBXFileReference; lastKnownFileType = sourcecode.swift; path = Song.swift; sourceTree = "<group>"; };
		B196BBA12247207E00752231 /* SongTableViewCell.swift */ = {isa = PBXFileReference; lastKnownFileType = sourcecode.swift; path = SongTableViewCell.swift; sourceTree = "<group>"; };
		B196BBA32247D37000752231 /* SongDetailViewController.swift */ = {isa = PBXFileReference; lastKnownFileType = sourcecode.swift; path = SongDetailViewController.swift; sourceTree = "<group>"; };
		B196BBA52248477300752231 /* AddSongViewController.swift */ = {isa = PBXFileReference; lastKnownFileType = sourcecode.swift; path = AddSongViewController.swift; sourceTree = "<group>"; };
/* End PBXFileReference section */

/* Begin PBXFrameworksBuildPhase section */
		B196BB87224715B500752231 /* Frameworks */ = {
			isa = PBXFrameworksBuildPhase;
			buildActionMask = 2147483647;
			files = (
			);
			runOnlyForDeploymentPostprocessing = 0;
		};
/* End PBXFrameworksBuildPhase section */

/* Begin PBXGroup section */
		B196BB81224715B500752231 = {
			isa = PBXGroup;
			children = (
				B196BB8C224715B500752231 /* yw458_p4 */,
				B196BB8B224715B500752231 /* Products */,
			);
			sourceTree = "<group>";
		};
		B196BB8B224715B500752231 /* Products */ = {
			isa = PBXGroup;
			children = (
				B196BB8A224715B500752231 /* yw458_p4.app */,
			);
			name = Products;
			sourceTree = "<group>";
		};
		B196BB8C224715B500752231 /* yw458_p4 */ = {
			isa = PBXGroup;
			children = (
				B196BB8D224715B500752231 /* AppDelegate.swift */,
				B196BB8F224715B500752231 /* ViewController.swift */,
				B196BBA52248477300752231 /* AddSongViewController.swift */,
				B196BBA12247207E00752231 /* SongTableViewCell.swift */,
				B196BBA32247D37000752231 /* SongDetailViewController.swift */,
				B196BB9F22471AC500752231 /* Song.swift */,
				B196BB94224715B600752231 /* Assets.xcassets */,
				B196BB96224715B600752231 /* LaunchScreen.storyboard */,
				B196BB99224715B600752231 /* Info.plist */,
			);
			path = yw458_p4;
			sourceTree = "<group>";
		};
/* End PBXGroup section */

/* Begin PBXNativeTarget section */
		B196BB89224715B500752231 /* yw458_p4 */ = {
			isa = PBXNativeTarget;
			buildConfigurationList = B196BB9C224715B600752231 /* Build configuration list for PBXNativeTarget "yw458_p4" */;
			buildPhases = (
				B196BB86224715B500752231 /* Sources */,
				B196BB87224715B500752231 /* Frameworks */,
				B196BB88224715B500752231 /* Resources */,
			);
			buildRules = (
			);
			dependencies = (
			);
			name = yw458_p4;
			productName = yw458_p4;
			productReference = B196BB8A224715B500752231 /* yw458_p4.app */;
			productType = "com.apple.product-type.application";
		};
/* End PBXNativeTarget section */

/* Begin PBXProject section */
		B196BB82224715B500752231 /* Project object */ = {
			isa = PBXProject;
			attributes = {
				LastSwiftUpdateCheck = 1010;
				LastUpgradeCheck = 1010;
				ORGANIZATIONNAME = "Yunyun S. Wang";
				TargetAttributes = {
					B196BB89224715B500752231 = {
						CreatedOnToolsVersion = 10.1;
					};
				};
			};
			buildConfigurationList = B196BB85224715B500752231 /* Build configuration list for PBXProject "yw458_p4" */;
			compatibilityVersion = "Xcode 9.3";
			developmentRegion = en;
			hasScannedForEncodings = 0;
			knownRegions = (
				en,
				Base,
			);
			mainGroup = B196BB81224715B500752231;
			productRefGroup = B196BB8B224715B500752231 /* Products */;
			projectDirPath = "";
			projectRoot = "";
			targets = (
				B196BB89224715B500752231 /* yw458_p4 */,
			);
		};
/* End PBXProject section */

/* Begin PBXResourcesBuildPhase section */
		B196BB88224715B500752231 /* Resources */ = {
			isa = PBXResourcesBuildPhase;
			buildActionMask = 2147483647;
			files = (
				B196BB98224715B600752231 /* LaunchScreen.storyboard in Resources */,
				B196BB95224715B600752231 /* Assets.xcassets in Resources */,
			);
			runOnlyForDeploymentPostprocessing = 0;
		};
/* End PBXResourcesBuildPhase section */

/* Begin PBXSourcesBuildPhase section */
		B196BB86224715B500752231 /* Sources */ = {
			isa = PBXSourcesBuildPhase;
			buildActionMask = 2147483647;
			files = (
				B196BBA22247207E00752231 /* SongTableViewCell.swift in Sources */,
				B196BBA62248477300752231 /* AddSongViewController.swift in Sources */,
				B196BBA42247D37000752231 /* SongDetailViewController.swift in Sources */,
				B196BB90224715B500752231 /* ViewController.swift in Sources */,
				B196BB8E224715B500752231 /* AppDelegate.swift in Sources */,
				B196BBA022471AC500752231 /* Song.swift in Sources */,
			);
			runOnlyForDeploymentPostprocessing = 0;
		};
/* End PBXSourcesBuildPhase section */

/* Begin PBXVariantGroup section */
		B196BB96224715B600752231 /* LaunchScreen.storyboard */ = {
			isa = PBXVariantGroup;
			children = (
				B196BB97224715B600752231 /* Base */,
			);
			name = LaunchScreen.storyboard;
			sourceTree = "<group>";
		};
/* End PBXVariantGroup section */

/* Begin XCBuildConfiguration section */
		B196BB9A224715B600752231 /* Debug */ = {
			isa = XCBuildConfiguration;
			buildSettings = {
				ALWAYS_SEARCH_USER_PATHS = NO;
				CLANG_ANALYZER_NONNULL = YES;
				CLANG_ANALYZER_NUMBER_OBJECT_CONVERSION = YES_AGGRESSIVE;
				CLANG_CXX_LANGUAGE_STANDARD = "gnu++14";
				CLANG_CXX_LIBRARY = "libc++";
				CLANG_ENABLE_MODULES = YES;
				CLANG_ENABLE_OBJC_ARC = YES;
				CLANG_ENABLE_OBJC_WEAK = YES;
				CLANG_WARN_BLOCK_CAPTURE_AUTORELEASING = YES;
				CLANG_WARN_BOOL_CONVERSION = YES;
				CLANG_WARN_COMMA = YES;
				CLANG_WARN_CONSTANT_CONVERSION = YES;
				CLANG_WARN_DEPRECATED_OBJC_IMPLEMENTATIONS = YES;
				CLANG_WARN_DIRECT_OBJC_ISA_USAGE = YES_ERROR;
				CLANG_WARN_DOCUMENTATION_COMMENTS = YES;
				CLANG_WARN_EMPTY_BODY = YES;
				CLANG_WARN_ENUM_CONVERSION = YES;
				CLANG_WARN_INFINITE_RECURSION = YES;
				CLANG_WARN_INT_CONVERSION = YES;
				CLANG_WARN_NON_LITERAL_NULL_CONVERSION = YES;
				CLANG_WARN_OBJC_IMPLICIT_RETAIN_SELF = YES;
				CLANG_WARN_OBJC_LITERAL_CONVERSION = YES;
				CLANG_WARN_OBJC_ROOT_CLASS = YES_ERROR;
				CLANG_WARN_RANGE_LOOP_ANALYSIS = YES;
				CLANG_WARN_STRICT_PROTOTYPES = YES;
				CLANG_WARN_SUSPICIOUS_MOVE = YES;
				CLANG_WARN_UNGUARDED_AVAILABILITY = YES_AGGRESSIVE;
				CLANG_WARN_UNREACHABLE_CODE = YES;
				CLANG_WARN__DUPLICATE_METHOD_MATCH = YES;
				CODE_SIGN_IDENTITY = "iPhone Developer";
				COPY_PHASE_STRIP = NO;
				DEBUG_INFORMATION_FORMAT = dwarf;
				ENABLE_STRICT_OBJC_MSGSEND = YES;
				ENABLE_TESTABILITY = YES;
				GCC_C_LANGUAGE_STANDARD = gnu11;
				GCC_DYNAMIC_NO_PIC = NO;
				GCC_NO_COMMON_BLOCKS = YES;
				GCC_OPTIMIZATION_LEVEL = 0;
				GCC_PREPROCESSOR_DEFINITIONS = (
					"DEBUG=1",
					"$(inherited)",
				);
				GCC_WARN_64_TO_32_BIT_CONVERSION = YES;
				GCC_WARN_ABOUT_RETURN_TYPE = YES_ERROR;
				GCC_WARN_UNDECLARED_SELECTOR = YES;
				GCC_WARN_UNINITIALIZED_AUTOS = YES_AGGRESSIVE;
				GCC_WARN_UNUSED_FUNCTION = YES;
				GCC_WARN_UNUSED_VARIABLE = YES;
				IPHONEOS_DEPLOYMENT_TARGET = 12.1;
				MTL_ENABLE_DEBUG_INFO = INCLUDE_SOURCE;
				MTL_FAST_MATH = YES;
				ONLY_ACTIVE_ARCH = YES;
				SDKROOT = iphoneos;
				SWIFT_ACTIVE_COMPILATION_CONDITIONS = DEBUG;
				SWIFT_OPTIMIZATION_LEVEL = "-Onone";
			};
			name = Debug;
		};
		B196BB9B224715B600752231 /* Release */ = {
			isa = XCBuildConfiguration;
			buildSettings = {
				ALWAYS_SEARCH_USER_PATHS = NO;
				CLANG_ANALYZER_NONNULL = YES;
				CLANG_ANALYZER_NUMBER_OBJECT_CONVERSION = YES_AGGRESSIVE;
				CLANG_CXX_LANGUAGE_STANDARD = "gnu++14";
				CLANG_CXX_LIBRARY = "libc++";
				CLANG_ENABLE_MODULES = YES;
				CLANG_ENABLE_OBJC_ARC = YES;
				CLANG_ENABLE_OBJC_WEAK = YES;
				CLANG_WARN_BLOCK_CAPTURE_AUTORELEASING = YES;
				CLANG_WARN_BOOL_CONVERSION = YES;
				CLANG_WARN_COMMA = YES;
				CLANG_WARN_CONSTANT_CONVERSION = YES;
				CLANG_WARN_DEPRECATED_OBJC_IMPLEMENTATIONS = YES;
				CLANG_WARN_DIRECT_OBJC_ISA_USAGE = YES_ERROR;
				CLANG_WARN_DOCUMENTATION_COMMENTS = YES;
				CLANG_WARN_EMPTY_BODY = YES;
				CLANG_WARN_ENUM_CONVERSION = YES;
				CLANG_WARN_INFINITE_RECURSION = YES;
				CLANG_WARN_INT_CONVERSION = YES;
				CLANG_WARN_NON_LITERAL_NULL_CONVERSION = YES;
				CLANG_WARN_OBJC_IMPLICIT_RETAIN_SELF = YES;
				CLANG_WARN_OBJC_LITERAL_CONVERSION = YES;
				CLANG_WARN_OBJC_ROOT_CLASS = YES_ERROR;
				CLANG_WARN_RANGE_LOOP_ANALYSIS = YES;
				CLANG_WARN_STRICT_PROTOTYPES = YES;
				CLANG_WARN_SUSPICIOUS_MOVE = YES;
				CLANG_WARN_UNGUARDED_AVAILABILITY = YES_AGGRESSIVE;
				CLANG_WARN_UNREACHABLE_CODE = YES;
				CLANG_WARN__DUPLICATE_METHOD_MATCH = YES;
				CODE_SIGN_IDENTITY = "iPhone Developer";
				COPY_PHASE_STRIP = NO;
				DEBUG_INFORMATION_FORMAT = "dwarf-with-dsym";
				ENABLE_NS_ASSERTIONS = NO;
				ENABLE_STRICT_OBJC_MSGSEND = YES;
				GCC_C_LANGUAGE_STANDARD = gnu11;
				GCC_NO_COMMON_BLOCKS = YES;
				GCC_WARN_64_TO_32_BIT_CONVERSION = YES;
				GCC_WARN_ABOUT_RETURN_TYPE = YES_ERROR;
				GCC_WARN_UNDECLARED_SELECTOR = YES;
				GCC_WARN_UNINITIALIZED_AUTOS = YES_AGGRESSIVE;
				GCC_WARN_UNUSED_FUNCTION = YES;
				GCC_WARN_UNUSED_VARIABLE = YES;
				IPHONEOS_DEPLOYMENT_TARGET = 12.1;
				MTL_ENABLE_DEBUG_INFO = NO;
				MTL_FAST_MATH = YES;
				SDKROOT = iphoneos;
				SWIFT_COMPILATION_MODE = wholemodule;
				SWIFT_OPTIMIZATION_LEVEL = "-O";
				VALIDATE_PRODUCT = YES;
			};
			name = Release;
		};
		B196BB9D224715B600752231 /* Debug */ = {
			isa = XCBuildConfiguration;
			buildSettings = {
				ASSETCATALOG_COMPILER_APPICON_NAME = AppIcon;
				CODE_SIGN_STYLE = Automatic;
				INFOPLIST_FILE = yw458_p4/Info.plist;
				LD_RUNPATH_SEARCH_PATHS = (
					"$(inherited)",
					"@executable_path/Frameworks",
				);
				PRODUCT_BUNDLE_IDENTIFIER = "com.yunyun.yw458-p4";
				PRODUCT_NAME = "$(TARGET_NAME)";
				SWIFT_VERSION = 4.2;
				TARGETED_DEVICE_FAMILY = "1,2";
			};
			name = Debug;
		};
		B196BB9E224715B600752231 /* Release */ = {
			isa = XCBuildConfiguration;
			buildSettings = {
				ASSETCATALOG_COMPILER_APPICON_NAME = AppIcon;
				CODE_SIGN_STYLE = Automatic;
				INFOPLIST_FILE = yw458_p4/Info.plist;
				LD_RUNPATH_SEARCH_PATHS = (
					"$(inherited)",
					"@executable_path/Frameworks",
				);
				PRODUCT_BUNDLE_IDENTIFIER = "com.yunyun.yw458-p4";
				PRODUCT_NAME = "$(TARGET_NAME)";
				SWIFT_VERSION = 4.2;
				TARGETED_DEVICE_FAMILY = "1,2";
			};
			name = Release;
		};
/* End XCBuildConfiguration section */

/* Begin XCConfigurationList section */
		B196BB85224715B500752231 /* Build configuration list for PBXProject "yw458_p4" */ = {
			isa = XCConfigurationList;
			buildConfigurations = (
				B196BB9A224715B600752231 /* Debug */,
				B196BB9B224715B600752231 /* Release */,
			);
			defaultConfigurationIsVisible = 0;
			defaultConfigurationName = Release;
		};
		B196BB9C224715B600752231 /* Build configuration list for PBXNativeTarget "yw458_p4" */ = {
			isa = XCConfigurationList;
			buildConfigurations = (
				B196BB9D224715B600752231 /* Debug */,
				B196BB9E224715B600752231 /* Release */,
			);
			defaultConfigurationIsVisible = 0;
			defaultConfigurationName = Release;
		};
/* End XCConfigurationList section */
	};
	rootObject = B196BB82224715B500752231 /* Project object */;
}
